
Microsoft Visual Studio Solution File, Format Version 12.00
# Visual Studio 15
VisualStudioVersion = 15.0.27004.2006
MinimumVisualStudioVersion = 10.0.40219.1
Project("{FAE04EC0-301F-11D3-BF4B-00C04F79EFBC}") = "Fundamentos_Demo", "Fundamentos_Demo\Fundamentos_Demo.csproj", "{EA546222-2CC8-4F33-868A-7508D4675066}"
EndProject
Project("{FAE04EC0-301F-11D3-BF4B-00C04F79EFBC}") = "Fundamentos_UT", "Fundamentos_UT\Fundamentos_UT.csproj", "{9F3F4C90-98CC-4938-A724-BE49F775A1E5}"
EndProject
Global
	GlobalSection(SolutionConfigurationPlatforms) = preSolution
		Debug|Any CPU = Debug|Any CPU
		Release|Any CPU = Release|Any CPU
	EndGlobalSection
	GlobalSection(ProjectConfigurationPlatforms) = postSolution
		{EA546222-2CC8-4F33-868A-7508D4675066}.Debug|Any CPU.ActiveCfg = Debug|Any CPU
		{EA546222-2CC8-4F33-868A-7508D4675066}.Debug|Any CPU.Build.0 = Debug|Any CPU
		{EA546222-2CC8-4F33-868A-7508D4675066}.Release|Any CPU.ActiveCfg = Release|Any CPU
		{EA546222-2CC8-4F33-868A-7508D4675066}.Release|Any CPU.Build.0 = Release|Any CPU
		{9F3F4C90-98CC-4938-A724-BE49F775A1E5}.Debug|Any CPU.ActiveCfg = Debug|Any CPU
		{9F3F4C90-98CC-4938-A724-BE49F775A1E5}.Debug|Any CPU.Build.0 = Debug|Any CPU
		{9F3F4C90-98CC-4938-A724-BE49F775A1E5}.Release|Any CPU.ActiveCfg = Release|Any CPU
		{9F3F4C90-98CC-4938-A724-BE49F775A1E5}.Release|Any CPU.Build.0 = Release|Any CPU
	EndGlobalSection
	GlobalSection(SolutionProperties) = preSolution
		HideSolutionNode = FALSE
	EndGlobalSection
	GlobalSection(ExtensibilityGlobals) = postSolution
		SolutionGuid = {95A3DA9C-5954-4168-8680-0ED55A6F36AA}
	EndGlobalSection
EndGlobal
